
Microsoft Visual Studio Solution File, Format Version 12.00
# Visual Studio Version 16
VisualStudioVersion = 16.0.31605.320
MinimumVisualStudioVersion = 10.0.40219.1
Project("{FAE04EC0-301F-11D3-BF4B-00C04F79EFBC}") = "VisualTest", "VisualTest\VisualTest.csproj", "{1DC0DF86-255E-4F15-B030-D13F92C9D38D}"
EndProject
Global
	GlobalSection(SolutionConfigurationPlatforms) = preSolution
		Debug|Any CPU = Debug|Any CPU
		Release|Any CPU = Release|Any CPU
	EndGlobalSection
	GlobalSection(ProjectConfigurationPlatforms) = postSolution
		{1DC0DF86-255E-4F15-B030-D13F92C9D38D}.Debug|Any CPU.ActiveCfg = Debug|Any CPU
		{1DC0DF86-255E-4F15-B030-D13F92C9D38D}.Debug|Any CPU.Build.0 = Debug|Any CPU
		{1DC0DF86-255E-4F15-B030-D13F92C9D38D}.Release|Any CPU.ActiveCfg = Release|Any CPU
		{1DC0DF86-255E-4F15-B030-D13F92C9D38D}.Release|Any CPU.Build.0 = Release|Any CPU
	EndGlobalSection
	GlobalSection(SolutionProperties) = preSolution
		HideSolutionNode = FALSE
	EndGlobalSection
	GlobalSection(ExtensibilityGlobals) = postSolution
		SolutionGuid = {49A5D025-C622-4E67-8768-00260D0F6E52}
	EndGlobalSection
EndGlobal
